// !$*UTF8*$!
{
	archiveVersion = 1;
	classes = {
	};
	objectVersion = 46;
	objects = {

/* Begin PBXBuildFile section */
		DB0884201CE1B68F00A9A358 /* RnAlipay.h in CopyFiles */ = {isa = PBXBuildFile; fileRef = DB08841F1CE1B68F00A9A358 /* RnAlipay.h */; };
		DB0884221CE1B69000A9A358 /* RnAlipay.m in Sources */ = {isa = PBXBuildFile; fileRef = DB0884211CE1B69000A9A358 /* RnAlipay.m */; };
		DB0884381CE1BC1200A9A358 /* Order.m in Sources */ = {isa = PBXBuildFile; fileRef = DB0884371CE1BC1200A9A358 /* Order.m */; };
		DB0884FD1CE2BD2A00A9A358 /* base64.m in Sources */ = {isa = PBXBuildFile; fileRef = DB0884ED1CE2BD2A00A9A358 /* base64.m */; };
		DB0884FE1CE2BD2A00A9A358 /* DataSigner.m in Sources */ = {isa = PBXBuildFile; fileRef = DB0884F01CE2BD2A00A9A358 /* DataSigner.m */; };
		DB0884FF1CE2BD2A00A9A358 /* DataVerifier.m in Sources */ = {isa = PBXBuildFile; fileRef = DB0884F21CE2BD2A00A9A358 /* DataVerifier.m */; };
		DB0885001CE2BD2A00A9A358 /* MD5DataSigner.m in Sources */ = {isa = PBXBuildFile; fileRef = DB0884F41CE2BD2A00A9A358 /* MD5DataSigner.m */; };
		DB0885011CE2BD2A00A9A358 /* NSDataEx.m in Sources */ = {isa = PBXBuildFile; fileRef = DB0884F61CE2BD2A00A9A358 /* NSDataEx.m */; };
		DB0885021CE2BD2A00A9A358 /* openssl_wrapper.m in Sources */ = {isa = PBXBuildFile; fileRef = DB0884F81CE2BD2A00A9A358 /* openssl_wrapper.m */; };
		DB0885031CE2BD2A00A9A358 /* RSADataSigner.m in Sources */ = {isa = PBXBuildFile; fileRef = DB0884FA1CE2BD2A00A9A358 /* RSADataSigner.m */; };
		DB0885041CE2BD2A00A9A358 /* RSADataVerifier.m in Sources */ = {isa = PBXBuildFile; fileRef = DB0884FC1CE2BD2A00A9A358 /* RSADataVerifier.m */; };
		EE24A4F61DC6EDE30004155D /* AlipaySDK.framework in Frameworks */ = {isa = PBXBuildFile; fileRef = EE24A4F31DC6EDE30004155D /* AlipaySDK.framework */; };
		EE24A4F71DC6EDE30004155D /* libcrypto.a in Frameworks */ = {isa = PBXBuildFile; fileRef = EE24A4F41DC6EDE30004155D /* libcrypto.a */; };
/* End PBXBuildFile section */

/* Begin PBXCopyFilesBuildPhase section */
		DB08841A1CE1B68F00A9A358 /* CopyFiles */ = {
			isa = PBXCopyFilesBuildPhase;
			buildActionMask = 2147483647;
			dstPath = "include/$(PRODUCT_NAME)";
			dstSubfolderSpec = 16;
			files = (
				DB0884201CE1B68F00A9A358 /* RnAlipay.h in CopyFiles */,
			);
			runOnlyForDeploymentPostprocessing = 0;
		};
/* End PBXCopyFilesBuildPhase section */

/* Begin PBXFileReference section */
		DB08841C1CE1B68F00A9A358 /* libMartianRnAlipay.a */ = {isa = PBXFileReference; explicitFileType = archive.ar; includeInIndex = 0; path = libMartianRnAlipay.a; sourceTree = BUILT_PRODUCTS_DIR; };
		DB08841F1CE1B68F00A9A358 /* RnAlipay.h */ = {isa = PBXFileReference; lastKnownFileType = sourcecode.c.h; path = RnAlipay.h; sourceTree = "<group>"; };
		DB0884211CE1B69000A9A358 /* RnAlipay.m */ = {isa = PBXFileReference; lastKnownFileType = sourcecode.c.objc; path = RnAlipay.m; sourceTree = "<group>"; };
		DB0884361CE1BC1200A9A358 /* Order.h */ = {isa = PBXFileReference; fileEncoding = 4; lastKnownFileType = sourcecode.c.h; path = Order.h; sourceTree = "<group>"; };
		DB0884371CE1BC1200A9A358 /* Order.m */ = {isa = PBXFileReference; fileEncoding = 4; lastKnownFileType = sourcecode.c.objc; path = Order.m; sourceTree = "<group>"; };
		DB0884EC1CE2BD2A00A9A358 /* base64.h */ = {isa = PBXFileReference; fileEncoding = 4; lastKnownFileType = sourcecode.c.h; path = base64.h; sourceTree = "<group>"; };
		DB0884ED1CE2BD2A00A9A358 /* base64.m */ = {isa = PBXFileReference; fileEncoding = 4; lastKnownFileType = sourcecode.c.objc; path = base64.m; sourceTree = "<group>"; };
		DB0884EE1CE2BD2A00A9A358 /* config.h */ = {isa = PBXFileReference; fileEncoding = 4; lastKnownFileType = sourcecode.c.h; path = config.h; sourceTree = "<group>"; };
		DB0884EF1CE2BD2A00A9A358 /* DataSigner.h */ = {isa = PBXFileReference; fileEncoding = 4; lastKnownFileType = sourcecode.c.h; path = DataSigner.h; sourceTree = "<group>"; };
		DB0884F01CE2BD2A00A9A358 /* DataSigner.m */ = {isa = PBXFileReference; fileEncoding = 4; lastKnownFileType = sourcecode.c.objc; path = DataSigner.m; sourceTree = "<group>"; };
		DB0884F11CE2BD2A00A9A358 /* DataVerifier.h */ = {isa = PBXFileReference; fileEncoding = 4; lastKnownFileType = sourcecode.c.h; path = DataVerifier.h; sourceTree = "<group>"; };
		DB0884F21CE2BD2A00A9A358 /* DataVerifier.m */ = {isa = PBXFileReference; fileEncoding = 4; lastKnownFileType = sourcecode.c.objc; path = DataVerifier.m; sourceTree = "<group>"; };
		DB0884F31CE2BD2A00A9A358 /* MD5DataSigner.h */ = {isa = PBXFileReference; fileEncoding = 4; lastKnownFileType = sourcecode.c.h; path = MD5DataSigner.h; sourceTree = "<group>"; };
		DB0884F41CE2BD2A00A9A358 /* MD5DataSigner.m */ = {isa = PBXFileReference; fileEncoding = 4; lastKnownFileType = sourcecode.c.objc; path = MD5DataSigner.m; sourceTree = "<group>"; };
		DB0884F51CE2BD2A00A9A358 /* NSDataEx.h */ = {isa = PBXFileReference; fileEncoding = 4; lastKnownFileType = sourcecode.c.h; path = NSDataEx.h; sourceTree = "<group>"; };
		DB0884F61CE2BD2A00A9A358 /* NSDataEx.m */ = {isa = PBXFileReference; fileEncoding = 4; lastKnownFileType = sourcecode.c.objc; path = NSDataEx.m; sourceTree = "<group>"; };
		DB0884F71CE2BD2A00A9A358 /* openssl_wrapper.h */ = {isa = PBXFileReference; fileEncoding = 4; lastKnownFileType = sourcecode.c.h; path = openssl_wrapper.h; sourceTree = "<group>"; };
		DB0884F81CE2BD2A00A9A358 /* openssl_wrapper.m */ = {isa = PBXFileReference; fileEncoding = 4; lastKnownFileType = sourcecode.c.objc; path = openssl_wrapper.m; sourceTree = "<group>"; };
		DB0884F91CE2BD2A00A9A358 /* RSADataSigner.h */ = {isa = PBXFileReference; fileEncoding = 4; lastKnownFileType = sourcecode.c.h; path = RSADataSigner.h; sourceTree = "<group>"; };
		DB0884FA1CE2BD2A00A9A358 /* RSADataSigner.m */ = {isa = PBXFileReference; fileEncoding = 4; lastKnownFileType = sourcecode.c.objc; path = RSADataSigner.m; sourceTree = "<group>"; };
		DB0884FB1CE2BD2A00A9A358 /* RSADataVerifier.h */ = {isa = PBXFileReference; fileEncoding = 4; lastKnownFileType = sourcecode.c.h; path = RSADataVerifier.h; sourceTree = "<group>"; };
		DB0884FC1CE2BD2A00A9A358 /* RSADataVerifier.m */ = {isa = PBXFileReference; fileEncoding = 4; lastKnownFileType = sourcecode.c.objc; path = RSADataVerifier.m; sourceTree = "<group>"; };
		DBF699011D36301C00A286F0 /* libssl.a */ = {isa = PBXFileReference; lastKnownFileType = archive.ar; path = libssl.a; sourceTree = "<group>"; };
		EE24A4F31DC6EDE30004155D /* AlipaySDK.framework */ = {isa = PBXFileReference; lastKnownFileType = wrapper.framework; path = AlipaySDK.framework; sourceTree = "<group>"; };
		EE24A4F41DC6EDE30004155D /* libcrypto.a */ = {isa = PBXFileReference; lastKnownFileType = archive.ar; path = libcrypto.a; sourceTree = "<group>"; };
		EE24A5071DC6EED90004155D /* aes.h */ = {isa = PBXFileReference; fileEncoding = 4; lastKnownFileType = sourcecode.c.h; path = aes.h; sourceTree = "<group>"; };
		EE24A5081DC6EED90004155D /* asn1.h */ = {isa = PBXFileReference; fileEncoding = 4; lastKnownFileType = sourcecode.c.h; path = asn1.h; sourceTree = "<group>"; };
		EE24A5091DC6EED90004155D /* asn1_mac.h */ = {isa = PBXFileReference; fileEncoding = 4; lastKnownFileType = sourcecode.c.h; path = asn1_mac.h; sourceTree = "<group>"; };
		EE24A50A1DC6EED90004155D /* asn1t.h */ = {isa = PBXFileReference; fileEncoding = 4; lastKnownFileType = sourcecode.c.h; path = asn1t.h; sourceTree = "<group>"; };
		EE24A50B1DC6EED90004155D /* bio.h */ = {isa = PBXFileReference; fileEncoding = 4; lastKnownFileType = sourcecode.c.h; path = bio.h; sourceTree = "<group>"; };
		EE24A50C1DC6EED90004155D /* blowfish.h */ = {isa = PBXFileReference; fileEncoding = 4; lastKnownFileType = sourcecode.c.h; path = blowfish.h; sourceTree = "<group>"; };
		EE24A50D1DC6EED90004155D /* bn.h */ = {isa = PBXFileReference; fileEncoding = 4; lastKnownFileType = sourcecode.c.h; path = bn.h; sourceTree = "<group>"; };
		EE24A50E1DC6EED90004155D /* buffer.h */ = {isa = PBXFileReference; fileEncoding = 4; lastKnownFileType = sourcecode.c.h; path = buffer.h; sourceTree = "<group>"; };
		EE24A50F1DC6EED90004155D /* camellia.h */ = {isa = PBXFileReference; fileEncoding = 4; lastKnownFileType = sourcecode.c.h; path = camellia.h; sourceTree = "<group>"; };
		EE24A5101DC6EED90004155D /* cast.h */ = {isa = PBXFileReference; fileEncoding = 4; lastKnownFileType = sourcecode.c.h; path = cast.h; sourceTree = "<group>"; };
		EE24A5111DC6EED90004155D /* cmac.h */ = {isa = PBXFileReference; fileEncoding = 4; lastKnownFileType = sourcecode.c.h; path = cmac.h; sourceTree = "<group>"; };
		EE24A5121DC6EED90004155D /* cms.h */ = {isa = PBXFileReference; fileEncoding = 4; lastKnownFileType = sourcecode.c.h; path = cms.h; sourceTree = "<group>"; };
		EE24A5131DC6EED90004155D /* comp.h */ = {isa = PBXFileReference; fileEncoding = 4; lastKnownFileType = sourcecode.c.h; path = comp.h; sourceTree = "<group>"; };
		EE24A5141DC6EED90004155D /* conf.h */ = {isa = PBXFileReference; fileEncoding = 4; lastKnownFileType = sourcecode.c.h; path = conf.h; sourceTree = "<group>"; };
		EE24A5151DC6EED90004155D /* conf_api.h */ = {isa = PBXFileReference; fileEncoding = 4; lastKnownFileType = sourcecode.c.h; path = conf_api.h; sourceTree = "<group>"; };
		EE24A5161DC6EED90004155D /* crypto.h */ = {isa = PBXFileReference; fileEncoding = 4; lastKnownFileType = sourcecode.c.h; path = crypto.h; sourceTree = "<group>"; };
		EE24A5171DC6EED90004155D /* des.h */ = {isa = PBXFileReference; fileEncoding = 4; lastKnownFileType = sourcecode.c.h; path = des.h; sourceTree = "<group>"; };
		EE24A5181DC6EED90004155D /* des_old.h */ = {isa = PBXFileReference; fileEncoding = 4; lastKnownFileType = sourcecode.c.h; path = des_old.h; sourceTree = "<group>"; };
		EE24A5191DC6EED90004155D /* dh.h */ = {isa = PBXFileReference; fileEncoding = 4; lastKnownFileType = sourcecode.c.h; path = dh.h; sourceTree = "<group>"; };
		EE24A51A1DC6EED90004155D /* dsa.h */ = {isa = PBXFileReference; fileEncoding = 4; lastKnownFileType = sourcecode.c.h; path = dsa.h; sourceTree = "<group>"; };
		EE24A51B1DC6EED90004155D /* dso.h */ = {isa = PBXFileReference; fileEncoding = 4; lastKnownFileType = sourcecode.c.h; path = dso.h; sourceTree = "<group>"; };
		EE24A51C1DC6EED90004155D /* dtls1.h */ = {isa = PBXFileReference; fileEncoding = 4; lastKnownFileType = sourcecode.c.h; path = dtls1.h; sourceTree = "<group>"; };
		EE24A51D1DC6EED90004155D /* e_os2.h */ = {isa = PBXFileReference; fileEncoding = 4; lastKnownFileType = sourcecode.c.h; path = e_os2.h; sourceTree = "<group>"; };
		EE24A51E1DC6EED90004155D /* ebcdic.h */ = {isa = PBXFileReference; fileEncoding = 4; lastKnownFileType = sourcecode.c.h; path = ebcdic.h; sourceTree = "<group>"; };
		EE24A51F1DC6EED90004155D /* ec.h */ = {isa = PBXFileReference; fileEncoding = 4; lastKnownFileType = sourcecode.c.h; path = ec.h; sourceTree = "<group>"; };
		EE24A5201DC6EED90004155D /* ecdh.h */ = {isa = PBXFileReference; fileEncoding = 4; lastKnownFileType = sourcecode.c.h; path = ecdh.h; sourceTree = "<group>"; };
		EE24A5211DC6EED90004155D /* ecdsa.h */ = {isa = PBXFileReference; fileEncoding = 4; lastKnownFileType = sourcecode.c.h; path = ecdsa.h; sourceTree = "<group>"; };
		EE24A5221DC6EED90004155D /* engine.h */ = {isa = PBXFileReference; fileEncoding = 4; lastKnownFileType = sourcecode.c.h; path = engine.h; sourceTree = "<group>"; };
		EE24A5231DC6EED90004155D /* err.h */ = {isa = PBXFileReference; fileEncoding = 4; lastKnownFileType = sourcecode.c.h; path = err.h; sourceTree = "<group>"; };
		EE24A5241DC6EEDA0004155D /* evp.h */ = {isa = PBXFileReference; fileEncoding = 4; lastKnownFileType = sourcecode.c.h; path = evp.h; sourceTree = "<group>"; };
		EE24A5251DC6EEDA0004155D /* hmac.h */ = {isa = PBXFileReference; fileEncoding = 4; lastKnownFileType = sourcecode.c.h; path = hmac.h; sourceTree = "<group>"; };
		EE24A5261DC6EEDA0004155D /* idea.h */ = {isa = PBXFileReference; fileEncoding = 4; lastKnownFileType = sourcecode.c.h; path = idea.h; sourceTree = "<group>"; };
		EE24A5271DC6EEDA0004155D /* krb5_asn.h */ = {isa = PBXFileReference; fileEncoding = 4; lastKnownFileType = sourcecode.c.h; path = krb5_asn.h; sourceTree = "<group>"; };
		EE24A5281DC6EEDA0004155D /* kssl.h */ = {isa = PBXFileReference; fileEncoding = 4; lastKnownFileType = sourcecode.c.h; path = kssl.h; sourceTree = "<group>"; };
		EE24A5291DC6EEDA0004155D /* lhash.h */ = {isa = PBXFileReference; fileEncoding = 4; lastKnownFileType = sourcecode.c.h; path = lhash.h; sourceTree = "<group>"; };
		EE24A52A1DC6EEDA0004155D /* md4.h */ = {isa = PBXFileReference; fileEncoding = 4; lastKnownFileType = sourcecode.c.h; path = md4.h; sourceTree = "<group>"; };
		EE24A52B1DC6EEDA0004155D /* md5.h */ = {isa = PBXFileReference; fileEncoding = 4; lastKnownFileType = sourcecode.c.h; path = md5.h; sourceTree = "<group>"; };
		EE24A52C1DC6EEDA0004155D /* mdc2.h */ = {isa = PBXFileReference; fileEncoding = 4; lastKnownFileType = sourcecode.c.h; path = mdc2.h; sourceTree = "<group>"; };
		EE24A52D1DC6EEDA0004155D /* modes.h */ = {isa = PBXFileReference; fileEncoding = 4; lastKnownFileType = sourcecode.c.h; path = modes.h; sourceTree = "<group>"; };
		EE24A52E1DC6EEDA0004155D /* obj_mac.h */ = {isa = PBXFileReference; fileEncoding = 4; lastKnownFileType = sourcecode.c.h; path = obj_mac.h; sourceTree = "<group>"; };
		EE24A52F1DC6EEDA0004155D /* objects.h */ = {isa = PBXFileReference; fileEncoding = 4; lastKnownFileType = sourcecode.c.h; path = objects.h; sourceTree = "<group>"; };
		EE24A5301DC6EEDA0004155D /* ocsp.h */ = {isa = PBXFileReference; fileEncoding = 4; lastKnownFileType = sourcecode.c.h; path = ocsp.h; sourceTree = "<group>"; };
		EE24A5311DC6EEDA0004155D /* opensslconf.h */ = {isa = PBXFileReference; fileEncoding = 4; lastKnownFileType = sourcecode.c.h; path = opensslconf.h; sourceTree = "<group>"; };
		EE24A5321DC6EEDA0004155D /* opensslv.h */ = {isa = PBXFileReference; fileEncoding = 4; lastKnownFileType = sourcecode.c.h; path = opensslv.h; sourceTree = "<group>"; };
		EE24A5331DC6EEDA0004155D /* ossl_typ.h */ = {isa = PBXFileReference; fileEncoding = 4; lastKnownFileType = sourcecode.c.h; path = ossl_typ.h; sourceTree = "<group>"; };
		EE24A5341DC6EEDA0004155D /* pem.h */ = {isa = PBXFileReference; fileEncoding = 4; lastKnownFileType = sourcecode.c.h; path = pem.h; sourceTree = "<group>"; };
		EE24A5351DC6EEDA0004155D /* pem2.h */ = {isa = PBXFileReference; fileEncoding = 4; lastKnownFileType = sourcecode.c.h; path = pem2.h; sourceTree = "<group>"; };
		EE24A5361DC6EEDA0004155D /* pkcs12.h */ = {isa = PBXFileReference; fileEncoding = 4; lastKnownFileType = sourcecode.c.h; path = pkcs12.h; sourceTree = "<group>"; };
		EE24A5371DC6EEDA0004155D /* pkcs7.h */ = {isa = PBXFileReference; fileEncoding = 4; lastKnownFileType = sourcecode.c.h; path = pkcs7.h; sourceTree = "<group>"; };
		EE24A5381DC6EEDA0004155D /* pqueue.h */ = {isa = PBXFileReference; fileEncoding = 4; lastKnownFileType = sourcecode.c.h; path = pqueue.h; sourceTree = "<group>"; };
		EE24A5391DC6EEDA0004155D /* rand.h */ = {isa = PBXFileReference; fileEncoding = 4; lastKnownFileType = sourcecode.c.h; path = rand.h; sourceTree = "<group>"; };
		EE24A53A1DC6EEDA0004155D /* rc2.h */ = {isa = PBXFileReference; fileEncoding = 4; lastKnownFileType = sourcecode.c.h; path = rc2.h; sourceTree = "<group>"; };
		EE24A53B1DC6EEDA0004155D /* rc4.h */ = {isa = PBXFileReference; fileEncoding = 4; lastKnownFileType = sourcecode.c.h; path = rc4.h; sourceTree = "<group>"; };
		EE24A53C1DC6EEDA0004155D /* ripemd.h */ = {isa = PBXFileReference; fileEncoding = 4; lastKnownFileType = sourcecode.c.h; path = ripemd.h; sourceTree = "<group>"; };
		EE24A53D1DC6EEDA0004155D /* rsa.h */ = {isa = PBXFileReference; fileEncoding = 4; lastKnownFileType = sourcecode.c.h; path = rsa.h; sourceTree = "<group>"; };
		EE24A53E1DC6EEDA0004155D /* safestack.h */ = {isa = PBXFileReference; fileEncoding = 4; lastKnownFileType = sourcecode.c.h; path = safestack.h; sourceTree = "<group>"; };
		EE24A53F1DC6EEDA0004155D /* seed.h */ = {isa = PBXFileReference; fileEncoding = 4; lastKnownFileType = sourcecode.c.h; path = seed.h; sourceTree = "<group>"; };
		EE24A5401DC6EEDA0004155D /* sha.h */ = {isa = PBXFileReference; fileEncoding = 4; lastKnownFileType = sourcecode.c.h; path = sha.h; sourceTree = "<group>"; };
		EE24A5411DC6EEDA0004155D /* srp.h */ = {isa = PBXFileReference; fileEncoding = 4; lastKnownFileType = sourcecode.c.h; path = srp.h; sourceTree = "<group>"; };
		EE24A5421DC6EEDA0004155D /* srtp.h */ = {isa = PBXFileReference; fileEncoding = 4; lastKnownFileType = sourcecode.c.h; path = srtp.h; sourceTree = "<group>"; };
		EE24A5431DC6EEDA0004155D /* ssl.h */ = {isa = PBXFileReference; fileEncoding = 4; lastKnownFileType = sourcecode.c.h; path = ssl.h; sourceTree = "<group>"; };
		EE24A5441DC6EEDA0004155D /* ssl2.h */ = {isa = PBXFileReference; fileEncoding = 4; lastKnownFileType = sourcecode.c.h; path = ssl2.h; sourceTree = "<group>"; };
		EE24A5451DC6EEDA0004155D /* ssl23.h */ = {isa = PBXFileReference; fileEncoding = 4; lastKnownFileType = sourcecode.c.h; path = ssl23.h; sourceTree = "<group>"; };
		EE24A5461DC6EEDA0004155D /* ssl3.h */ = {isa = PBXFileReference; fileEncoding = 4; lastKnownFileType = sourcecode.c.h; path = ssl3.h; sourceTree = "<group>"; };
		EE24A5471DC6EEDA0004155D /* stack.h */ = {isa = PBXFileReference; fileEncoding = 4; lastKnownFileType = sourcecode.c.h; path = stack.h; sourceTree = "<group>"; };
		EE24A5481DC6EEDA0004155D /* symhacks.h */ = {isa = PBXFileReference; fileEncoding = 4; lastKnownFileType = sourcecode.c.h; path = symhacks.h; sourceTree = "<group>"; };
		EE24A5491DC6EEDA0004155D /* tls1.h */ = {isa = PBXFileReference; fileEncoding = 4; lastKnownFileType = sourcecode.c.h; path = tls1.h; sourceTree = "<group>"; };
		EE24A54A1DC6EEDA0004155D /* ts.h */ = {isa = PBXFileReference; fileEncoding = 4; lastKnownFileType = sourcecode.c.h; path = ts.h; sourceTree = "<group>"; };
		EE24A54B1DC6EEDA0004155D /* txt_db.h */ = {isa = PBXFileReference; fileEncoding = 4; lastKnownFileType = sourcecode.c.h; path = txt_db.h; sourceTree = "<group>"; };
		EE24A54C1DC6EEDA0004155D /* ui.h */ = {isa = PBXFileReference; fileEncoding = 4; lastKnownFileType = sourcecode.c.h; path = ui.h; sourceTree = "<group>"; };
		EE24A54D1DC6EEDA0004155D /* ui_compat.h */ = {isa = PBXFileReference; fileEncoding = 4; lastKnownFileType = sourcecode.c.h; path = ui_compat.h; sourceTree = "<group>"; };
		EE24A54E1DC6EEDA0004155D /* whrlpool.h */ = {isa = PBXFileReference; fileEncoding = 4; lastKnownFileType = sourcecode.c.h; path = whrlpool.h; sourceTree = "<group>"; };
		EE24A54F1DC6EEDA0004155D /* x509.h */ = {isa = PBXFileReference; fileEncoding = 4; lastKnownFileType = sourcecode.c.h; path = x509.h; sourceTree = "<group>"; };
		EE24A5501DC6EEDA0004155D /* x509_vfy.h */ = {isa = PBXFileReference; fileEncoding = 4; lastKnownFileType = sourcecode.c.h; path = x509_vfy.h; sourceTree = "<group>"; };
		EE24A5511DC6EEDA0004155D /* x509v3.h */ = {isa = PBXFileReference; fileEncoding = 4; lastKnownFileType = sourcecode.c.h; path = x509v3.h; sourceTree = "<group>"; };
/* End PBXFileReference section */

/* Begin PBXFrameworksBuildPhase section */
		DB0884191CE1B68F00A9A358 /* Frameworks */ = {
			isa = PBXFrameworksBuildPhase;
			buildActionMask = 2147483647;
			files = (
				EE24A4F61DC6EDE30004155D /* AlipaySDK.framework in Frameworks */,
				EE24A4F71DC6EDE30004155D /* libcrypto.a in Frameworks */,
			);
			runOnlyForDeploymentPostprocessing = 0;
		};
/* End PBXFrameworksBuildPhase section */

/* Begin PBXGroup section */
		DB0884131CE1B68F00A9A358 = {
			isa = PBXGroup;
			children = (
				EE24A4F31DC6EDE30004155D /* AlipaySDK.framework */,
				EE24A4F41DC6EDE30004155D /* libcrypto.a */,
				DBF699011D36301C00A286F0 /* libssl.a */,
				EE24A5061DC6EED90004155D /* openssl */,
				DB0884EB1CE2BD2A00A9A358 /* Util */,
				DB08841E1CE1B68F00A9A358 /* RnAlipay */,
				DB08841D1CE1B68F00A9A358 /* Products */,
			);
			sourceTree = "<group>";
		};
		DB08841D1CE1B68F00A9A358 /* Products */ = {
			isa = PBXGroup;
			children = (
				DB08841C1CE1B68F00A9A358 /* libMartianRnAlipay.a */,
			);
			name = Products;
			sourceTree = "<group>";
		};
		DB08841E1CE1B68F00A9A358 /* RnAlipay */ = {
			isa = PBXGroup;
			children = (
				DB08841F1CE1B68F00A9A358 /* RnAlipay.h */,
				DB0884211CE1B69000A9A358 /* RnAlipay.m */,
				DB0884361CE1BC1200A9A358 /* Order.h */,
				DB0884371CE1BC1200A9A358 /* Order.m */,
			);
			name = RnAlipay;
			path = RNAlipay;
			sourceTree = "<group>";
		};
		DB0884EB1CE2BD2A00A9A358 /* Util */ = {
			isa = PBXGroup;
			children = (
				DB0884EC1CE2BD2A00A9A358 /* base64.h */,
				DB0884ED1CE2BD2A00A9A358 /* base64.m */,
				DB0884EE1CE2BD2A00A9A358 /* config.h */,
				DB0884EF1CE2BD2A00A9A358 /* DataSigner.h */,
				DB0884F01CE2BD2A00A9A358 /* DataSigner.m */,
				DB0884F11CE2BD2A00A9A358 /* DataVerifier.h */,
				DB0884F21CE2BD2A00A9A358 /* DataVerifier.m */,
				DB0884F31CE2BD2A00A9A358 /* MD5DataSigner.h */,
				DB0884F41CE2BD2A00A9A358 /* MD5DataSigner.m */,
				DB0884F51CE2BD2A00A9A358 /* NSDataEx.h */,
				DB0884F61CE2BD2A00A9A358 /* NSDataEx.m */,
				DB0884F71CE2BD2A00A9A358 /* openssl_wrapper.h */,
				DB0884F81CE2BD2A00A9A358 /* openssl_wrapper.m */,
				DB0884F91CE2BD2A00A9A358 /* RSADataSigner.h */,
				DB0884FA1CE2BD2A00A9A358 /* RSADataSigner.m */,
				DB0884FB1CE2BD2A00A9A358 /* RSADataVerifier.h */,
				DB0884FC1CE2BD2A00A9A358 /* RSADataVerifier.m */,
			);
			name = Util;
			path = RNAlipay/Util;
			sourceTree = "<group>";
		};
		EE24A5061DC6EED90004155D /* openssl */ = {
			isa = PBXGroup;
			children = (
				EE24A5071DC6EED90004155D /* aes.h */,
				EE24A5081DC6EED90004155D /* asn1.h */,
				EE24A5091DC6EED90004155D /* asn1_mac.h */,
				EE24A50A1DC6EED90004155D /* asn1t.h */,
				EE24A50B1DC6EED90004155D /* bio.h */,
				EE24A50C1DC6EED90004155D /* blowfish.h */,
				EE24A50D1DC6EED90004155D /* bn.h */,
				EE24A50E1DC6EED90004155D /* buffer.h */,
				EE24A50F1DC6EED90004155D /* camellia.h */,
				EE24A5101DC6EED90004155D /* cast.h */,
				EE24A5111DC6EED90004155D /* cmac.h */,
				EE24A5121DC6EED90004155D /* cms.h */,
				EE24A5131DC6EED90004155D /* comp.h */,
				EE24A5141DC6EED90004155D /* conf.h */,
				EE24A5151DC6EED90004155D /* conf_api.h */,
				EE24A5161DC6EED90004155D /* crypto.h */,
				EE24A5171DC6EED90004155D /* des.h */,
				EE24A5181DC6EED90004155D /* des_old.h */,
				EE24A5191DC6EED90004155D /* dh.h */,
				EE24A51A1DC6EED90004155D /* dsa.h */,
				EE24A51B1DC6EED90004155D /* dso.h */,
				EE24A51C1DC6EED90004155D /* dtls1.h */,
				EE24A51D1DC6EED90004155D /* e_os2.h */,
				EE24A51E1DC6EED90004155D /* ebcdic.h */,
				EE24A51F1DC6EED90004155D /* ec.h */,
				EE24A5201DC6EED90004155D /* ecdh.h */,
				EE24A5211DC6EED90004155D /* ecdsa.h */,
				EE24A5221DC6EED90004155D /* engine.h */,
				EE24A5231DC6EED90004155D /* err.h */,
				EE24A5241DC6EEDA0004155D /* evp.h */,
				EE24A5251DC6EEDA0004155D /* hmac.h */,
				EE24A5261DC6EEDA0004155D /* idea.h */,
				EE24A5271DC6EEDA0004155D /* krb5_asn.h */,
				EE24A5281DC6EEDA0004155D /* kssl.h */,
				EE24A5291DC6EEDA0004155D /* lhash.h */,
				EE24A52A1DC6EEDA0004155D /* md4.h */,
				EE24A52B1DC6EEDA0004155D /* md5.h */,
				EE24A52C1DC6EEDA0004155D /* mdc2.h */,
				EE24A52D1DC6EEDA0004155D /* modes.h */,
				EE24A52E1DC6EEDA0004155D /* obj_mac.h */,
				EE24A52F1DC6EEDA0004155D /* objects.h */,
				EE24A5301DC6EEDA0004155D /* ocsp.h */,
				EE24A5311DC6EEDA0004155D /* opensslconf.h */,
				EE24A5321DC6EEDA0004155D /* opensslv.h */,
				EE24A5331DC6EEDA0004155D /* ossl_typ.h */,
				EE24A5341DC6EEDA0004155D /* pem.h */,
				EE24A5351DC6EEDA0004155D /* pem2.h */,
				EE24A5361DC6EEDA0004155D /* pkcs12.h */,
				EE24A5371DC6EEDA0004155D /* pkcs7.h */,
				EE24A5381DC6EEDA0004155D /* pqueue.h */,
				EE24A5391DC6EEDA0004155D /* rand.h */,
				EE24A53A1DC6EEDA0004155D /* rc2.h */,
				EE24A53B1DC6EEDA0004155D /* rc4.h */,
				EE24A53C1DC6EEDA0004155D /* ripemd.h */,
				EE24A53D1DC6EEDA0004155D /* rsa.h */,
				EE24A53E1DC6EEDA0004155D /* safestack.h */,
				EE24A53F1DC6EEDA0004155D /* seed.h */,
				EE24A5401DC6EEDA0004155D /* sha.h */,
				EE24A5411DC6EEDA0004155D /* srp.h */,
				EE24A5421DC6EEDA0004155D /* srtp.h */,
				EE24A5431DC6EEDA0004155D /* ssl.h */,
				EE24A5441DC6EEDA0004155D /* ssl2.h */,
				EE24A5451DC6EEDA0004155D /* ssl23.h */,
				EE24A5461DC6EEDA0004155D /* ssl3.h */,
				EE24A5471DC6EEDA0004155D /* stack.h */,
				EE24A5481DC6EEDA0004155D /* symhacks.h */,
				EE24A5491DC6EEDA0004155D /* tls1.h */,
				EE24A54A1DC6EEDA0004155D /* ts.h */,
				EE24A54B1DC6EEDA0004155D /* txt_db.h */,
				EE24A54C1DC6EEDA0004155D /* ui.h */,
				EE24A54D1DC6EEDA0004155D /* ui_compat.h */,
				EE24A54E1DC6EEDA0004155D /* whrlpool.h */,
				EE24A54F1DC6EEDA0004155D /* x509.h */,
				EE24A5501DC6EEDA0004155D /* x509_vfy.h */,
				EE24A5511DC6EEDA0004155D /* x509v3.h */,
			);
			path = openssl;
			sourceTree = "<group>";
		};
/* End PBXGroup section */

/* Begin PBXNativeTarget section */
		DB08841B1CE1B68F00A9A358 /* MartianRnAlipay */ = {
			isa = PBXNativeTarget;
			buildConfigurationList = DB0884251CE1B69000A9A358 /* Build configuration list for PBXNativeTarget "MartianRnAlipay" */;
			buildPhases = (
				DB0884181CE1B68F00A9A358 /* Sources */,
				DB0884191CE1B68F00A9A358 /* Frameworks */,
				DB08841A1CE1B68F00A9A358 /* CopyFiles */,
			);
			buildRules = (
			);
			dependencies = (
			);
			name = MartianRnAlipay;
			productName = RNAlipay;
			productReference = DB08841C1CE1B68F00A9A358 /* libMartianRnAlipay.a */;
			productType = "com.apple.product-type.library.static";
		};
/* End PBXNativeTarget section */

/* Begin PBXProject section */
		DB0884141CE1B68F00A9A358 /* Project object */ = {
			isa = PBXProject;
			attributes = {
				LastUpgradeCheck = 0730;
				ORGANIZATIONNAME = xc;
				TargetAttributes = {
					DB08841B1CE1B68F00A9A358 = {
						CreatedOnToolsVersion = 7.3;
					};
				};
			};
			buildConfigurationList = DB0884171CE1B68F00A9A358 /* Build configuration list for PBXProject "RnAlipay" */;
			compatibilityVersion = "Xcode 3.2";
			developmentRegion = English;
			hasScannedForEncodings = 0;
			knownRegions = (
				en,
			);
			mainGroup = DB0884131CE1B68F00A9A358;
			productRefGroup = DB08841D1CE1B68F00A9A358 /* Products */;
			projectDirPath = "";
			projectRoot = "";
			targets = (
				DB08841B1CE1B68F00A9A358 /* MartianRnAlipay */,
			);
		};
/* End PBXProject section */

/* Begin PBXSourcesBuildPhase section */
		DB0884181CE1B68F00A9A358 /* Sources */ = {
			isa = PBXSourcesBuildPhase;
			buildActionMask = 2147483647;
			files = (
				DB0885041CE2BD2A00A9A358 /* RSADataVerifier.m in Sources */,
				DB0885021CE2BD2A00A9A358 /* openssl_wrapper.m in Sources */,
				DB0884FF1CE2BD2A00A9A358 /* DataVerifier.m in Sources */,
				DB0884FD1CE2BD2A00A9A358 /* base64.m in Sources */,
				DB0885011CE2BD2A00A9A358 /* NSDataEx.m in Sources */,
				DB0884FE1CE2BD2A00A9A358 /* DataSigner.m in Sources */,
				DB0884381CE1BC1200A9A358 /* Order.m in Sources */,
				DB0885031CE2BD2A00A9A358 /* RSADataSigner.m in Sources */,
				DB0885001CE2BD2A00A9A358 /* MD5DataSigner.m in Sources */,
				DB0884221CE1B69000A9A358 /* RnAlipay.m in Sources */,
			);
			runOnlyForDeploymentPostprocessing = 0;
		};
/* End PBXSourcesBuildPhase section */

/* Begin XCBuildConfiguration section */
		DB0884231CE1B69000A9A358 /* Debug */ = {
			isa = XCBuildConfiguration;
			buildSettings = {
				ALWAYS_SEARCH_USER_PATHS = NO;
				CLANG_ANALYZER_NONNULL = YES;
				CLANG_CXX_LANGUAGE_STANDARD = "gnu++0x";
				CLANG_CXX_LIBRARY = "libc++";
				CLANG_ENABLE_MODULES = YES;
				CLANG_ENABLE_OBJC_ARC = YES;
				CLANG_WARN_BOOL_CONVERSION = YES;
				CLANG_WARN_CONSTANT_CONVERSION = YES;
				CLANG_WARN_DIRECT_OBJC_ISA_USAGE = YES_ERROR;
				CLANG_WARN_EMPTY_BODY = YES;
				CLANG_WARN_ENUM_CONVERSION = YES;
				CLANG_WARN_INT_CONVERSION = YES;
				CLANG_WARN_OBJC_ROOT_CLASS = YES_ERROR;
				CLANG_WARN_UNREACHABLE_CODE = YES;
				CLANG_WARN__DUPLICATE_METHOD_MATCH = YES;
				"CODE_SIGN_IDENTITY[sdk=iphoneos*]" = "iPhone Developer";
				COPY_PHASE_STRIP = NO;
				DEBUG_INFORMATION_FORMAT = dwarf;
				ENABLE_STRICT_OBJC_MSGSEND = YES;
				ENABLE_TESTABILITY = YES;
				GCC_C_LANGUAGE_STANDARD = gnu99;
				GCC_DYNAMIC_NO_PIC = NO;
				GCC_NO_COMMON_BLOCKS = YES;
				GCC_OPTIMIZATION_LEVEL = 0;
				GCC_PREPROCESSOR_DEFINITIONS = (
					"DEBUG=1",
					"$(inherited)",
				);
				GCC_WARN_64_TO_32_BIT_CONVERSION = YES;
				GCC_WARN_ABOUT_RETURN_TYPE = YES_ERROR;
				GCC_WARN_UNDECLARED_SELECTOR = YES;
				GCC_WARN_UNINITIALIZED_AUTOS = YES_AGGRESSIVE;
				GCC_WARN_UNUSED_FUNCTION = YES;
				GCC_WARN_UNUSED_VARIABLE = YES;
				IPHONEOS_DEPLOYMENT_TARGET = 9.3;
				MTL_ENABLE_DEBUG_INFO = YES;
				ONLY_ACTIVE_ARCH = YES;
				SDKROOT = iphoneos;
			};
			name = Debug;
		};
		DB0884241CE1B69000A9A358 /* Release */ = {
			isa = XCBuildConfiguration;
			buildSettings = {
				ALWAYS_SEARCH_USER_PATHS = NO;
				CLANG_ANALYZER_NONNULL = YES;
				CLANG_CXX_LANGUAGE_STANDARD = "gnu++0x";
				CLANG_CXX_LIBRARY = "libc++";
				CLANG_ENABLE_MODULES = YES;
				CLANG_ENABLE_OBJC_ARC = YES;
				CLANG_WARN_BOOL_CONVERSION = YES;
				CLANG_WARN_CONSTANT_CONVERSION = YES;
				CLANG_WARN_DIRECT_OBJC_ISA_USAGE = YES_ERROR;
				CLANG_WARN_EMPTY_BODY = YES;
				CLANG_WARN_ENUM_CONVERSION = YES;
				CLANG_WARN_INT_CONVERSION = YES;
				CLANG_WARN_OBJC_ROOT_CLASS = YES_ERROR;
				CLANG_WARN_UNREACHABLE_CODE = YES;
				CLANG_WARN__DUPLICATE_METHOD_MATCH = YES;
				"CODE_SIGN_IDENTITY[sdk=iphoneos*]" = "iPhone Developer";
				COPY_PHASE_STRIP = NO;
				DEBUG_INFORMATION_FORMAT = "dwarf-with-dsym";
				ENABLE_NS_ASSERTIONS = NO;
				ENABLE_STRICT_OBJC_MSGSEND = YES;
				GCC_C_LANGUAGE_STANDARD = gnu99;
				GCC_NO_COMMON_BLOCKS = YES;
				GCC_WARN_64_TO_32_BIT_CONVERSION = YES;
				GCC_WARN_ABOUT_RETURN_TYPE = YES_ERROR;
				GCC_WARN_UNDECLARED_SELECTOR = YES;
				GCC_WARN_UNINITIALIZED_AUTOS = YES_AGGRESSIVE;
				GCC_WARN_UNUSED_FUNCTION = YES;
				GCC_WARN_UNUSED_VARIABLE = YES;
				IPHONEOS_DEPLOYMENT_TARGET = 9.3;
				MTL_ENABLE_DEBUG_INFO = NO;
				SDKROOT = iphoneos;
				VALIDATE_PRODUCT = YES;
			};
			name = Release;
		};
		DB0884261CE1B69000A9A358 /* Debug */ = {
			isa = XCBuildConfiguration;
			buildSettings = {
				FRAMEWORK_SEARCH_PATHS = "$(PROJECT_DIR)";
				HEADER_SEARCH_PATHS = (
					"$(SRCROOT)/../node_modules/react-native/React/**",
					"$(SRCROOT)/../../react-native/React/**",
					"$(SRCROOT)/../Example/node_modules/react-native/React/**",
					"$(SRCROOT)/**",
				);
				LIBRARY_SEARCH_PATHS = "$(PROJECT_DIR)";
				OTHER_LDFLAGS = "-ObjC";
				PRODUCT_NAME = "$(TARGET_NAME)";
				SKIP_INSTALL = YES;
			};
			name = Debug;
		};
		DB0884271CE1B69000A9A358 /* Release */ = {
			isa = XCBuildConfiguration;
			buildSettings = {
				FRAMEWORK_SEARCH_PATHS = "$(PROJECT_DIR)";
				HEADER_SEARCH_PATHS = (
					"$(SRCROOT)/../node_modules/react-native/React/**",
					"$(SRCROOT)/../../react-native/React/**",
					"$(SRCROOT)/../Example/node_modules/react-native/React/**",
					"$(SRCROOT)/**",
				);
				LIBRARY_SEARCH_PATHS = "$(PROJECT_DIR)";
				OTHER_LDFLAGS = "-ObjC";
				PRODUCT_NAME = "$(TARGET_NAME)";
				SKIP_INSTALL = YES;
			};
			name = Release;
		};
/* End XCBuildConfiguration section */

/* Begin XCConfigurationList section */
		DB0884171CE1B68F00A9A358 /* Build configuration list for PBXProject "RnAlipay" */ = {
			isa = XCConfigurationList;
			buildConfigurations = (
				DB0884231CE1B69000A9A358 /* Debug */,
				DB0884241CE1B69000A9A358 /* Release */,
			);
			defaultConfigurationIsVisible = 0;
			defaultConfigurationName = Release;
		};
		DB0884251CE1B69000A9A358 /* Build configuration list for PBXNativeTarget "MartianRnAlipay" */ = {
			isa = XCConfigurationList;
			buildConfigurations = (
				DB0884261CE1B69000A9A358 /* Debug */,
				DB0884271CE1B69000A9A358 /* Release */,
			);
			defaultConfigurationIsVisible = 0;
			defaultConfigurationName = Release;
		};
/* End XCConfigurationList section */
	};
	rootObject = DB0884141CE1B68F00A9A358 /* Project object */;
}
